
Microsoft Visual Studio Solution File, Format Version 12.00
# Visual Studio Version 17
VisualStudioVersion = 17.1.32421.90
MinimumVisualStudioVersion = 10.0.40219.1
Project("{FAE04EC0-301F-11D3-BF4B-00C04F79EFBC}") = "AppLibrary", "AppLibrary\AppLibrary.csproj", "{D06D53F7-42E8-471B-9F69-AFF7DEE80785}"
EndProject
Global
	GlobalSection(SolutionConfigurationPlatforms) = preSolution
		Debug|Any CPU = Debug|Any CPU
		Release|Any CPU = Release|Any CPU
	EndGlobalSection
	GlobalSection(ProjectConfigurationPlatforms) = postSolution
		{D06D53F7-42E8-471B-9F69-AFF7DEE80785}.Debug|Any CPU.ActiveCfg = Debug|Any CPU
		{D06D53F7-42E8-471B-9F69-AFF7DEE80785}.Debug|Any CPU.Build.0 = Debug|Any CPU
		{D06D53F7-42E8-471B-9F69-AFF7DEE80785}.Release|Any CPU.ActiveCfg = Release|Any CPU
		{D06D53F7-42E8-471B-9F69-AFF7DEE80785}.Release|Any CPU.Build.0 = Release|Any CPU
	EndGlobalSection
	GlobalSection(SolutionProperties) = preSolution
		HideSolutionNode = FALSE
	EndGlobalSection
	GlobalSection(ExtensibilityGlobals) = postSolution
		SolutionGuid = {64D61544-116C-4CB9-982B-B0FD48C162FF}
	EndGlobalSection
EndGlobal
